Microsoft Visual Studio Solution File, Format Version 11.00
# Visual Studio 2008

Project("{1FC7423A-33EA-9DD8-ED21-3AA9A10F9D0B}") = "Car Physics", "Assembly-CSharp-firstpass.csproj", "{0DA36E57-DE73-7142-46D0-F869197D3CEA}"
EndProject
Project("{1FC7423A-33EA-9DD8-ED21-3AA9A10F9D0B}") = "Car Physics", "Assembly-CSharp.csproj", "{98464233-1077-41F7-F0C3-4EB373CEE27D}"
EndProject
Project("{1FC7423A-33EA-9DD8-ED21-3AA9A10F9D0B}") = "Car Physics", "Assembly-CSharp-Editor-firstpass.csproj", "{F6950743-F719-146A-7366-5F53A80B4DE3}"
EndProject
Global
	GlobalSection(SolutionConfigurationPlatforms) = preSolution
		Debug|Any CPU = Debug|Any CPU
		Release|Any CPU = Release|Any CPU
	EndGlobalSection
	GlobalSection(ProjectConfigurationPlatforms) = postSolution
		{0DA36E57-DE73-7142-46D0-F869197D3CEA}.Debug|Any CPU.ActiveCfg = Debug|Any CPU
		{0DA36E57-DE73-7142-46D0-F869197D3CEA}.Debug|Any CPU.Build.0 = Debug|Any CPU
		{0DA36E57-DE73-7142-46D0-F869197D3CEA}.Release|Any CPU.ActiveCfg = Release|Any CPU
		{0DA36E57-DE73-7142-46D0-F869197D3CEA}.Release|Any CPU.Build.0 = Release|Any CPU
		{98464233-1077-41F7-F0C3-4EB373CEE27D}.Debug|Any CPU.ActiveCfg = Debug|Any CPU
		{98464233-1077-41F7-F0C3-4EB373CEE27D}.Debug|Any CPU.Build.0 = Debug|Any CPU
		{98464233-1077-41F7-F0C3-4EB373CEE27D}.Release|Any CPU.ActiveCfg = Release|Any CPU
		{98464233-1077-41F7-F0C3-4EB373CEE27D}.Release|Any CPU.Build.0 = Release|Any CPU
		{F6950743-F719-146A-7366-5F53A80B4DE3}.Debug|Any CPU.ActiveCfg = Debug|Any CPU
		{F6950743-F719-146A-7366-5F53A80B4DE3}.Debug|Any CPU.Build.0 = Debug|Any CPU
		{F6950743-F719-146A-7366-5F53A80B4DE3}.Release|Any CPU.ActiveCfg = Release|Any CPU
		{F6950743-F719-146A-7366-5F53A80B4DE3}.Release|Any CPU.Build.0 = Release|Any CPU
	EndGlobalSection
	GlobalSection(SolutionProperties) = preSolution
		HideSolutionNode = FALSE
	EndGlobalSection
	GlobalSection(MonoDevelopProperties) = preSolution
		StartupItem = Assembly-CSharp.csproj
	EndGlobalSection
EndGlobal
